
Microsoft Visual Studio Solution File, Format Version 12.00
# Visual Studio Version 17
VisualStudioVersion = 17.12.35707.178
MinimumVisualStudioVersion = 10.0.40219.1
Project("{FAE04EC0-301F-11D3-BF4B-00C04F79EFBC}") = "SampleDemo", "SampleDemo\SampleDemo.csproj", "{F68AD333-F044-438B-B6F2-B5D9E63A9C4B}"
EndProject
Project("{FAE04EC0-301F-11D3-BF4B-00C04F79EFBC}") = "EnumDemo", "EnumDemo\EnumDemo.csproj", "{DCB5D115-0E91-45BD-AC21-A4C04A7C7A02}"
EndProject
Project("{FAE04EC0-301F-11D3-BF4B-00C04F79EFBC}") = "StructDemo", "StructDemo\StructDemo.csproj", "{BAE6DA0F-B84B-46BF-A03E-A126D583F82E}"
EndProject
Project("{FAE04EC0-301F-11D3-BF4B-00C04F79EFBC}") = "ArraysDemo", "ArraysDemo\ArraysDemo.csproj", "{335595BB-8AF7-4D2F-9E13-3E8C944ADF0E}"
EndProject
Project("{FAE04EC0-301F-11D3-BF4B-00C04F79EFBC}") = "DataTypeConversions", "DataTypeConversions\DataTypeConversions.csproj", "{668295ED-7E2F-48E4-A2B1-1E97C0C8AEBB}"
EndProject
Project("{FAE04EC0-301F-11D3-BF4B-00C04F79EFBC}") = "StringConversions", "StringConversions\StringConversions.csproj", "{5BF9728A-C8D2-458B-B1E4-8115A78A74BF}"
EndProject
Project("{FAE04EC0-301F-11D3-BF4B-00C04F79EFBC}") = "DateTimeConversion", "DateTimeConversion\DateTimeConversion.csproj", "{809B07EF-98FF-4064-8543-20C86640709C}"
EndProject
Project("{FAE04EC0-301F-11D3-BF4B-00C04F79EFBC}") = "OutvsRef", "OutvsRef\OutvsRef.csproj", "{CBB30FF1-B901-4D67-8F63-1D83F86D9318}"
EndProject
Project("{FAE04EC0-301F-11D3-BF4B-00C04F79EFBC}") = "ConstVsReadonly", "ConstVsReadonly\ConstVsReadonly.csproj", "{B4D4D447-EC51-440D-80BE-C704FE5AE61B}"
EndProject
Project("{FAE04EC0-301F-11D3-BF4B-00C04F79EFBC}") = "StaticDemo", "StaticDemo\StaticDemo.csproj", "{7C093851-47BA-4DFE-BD0C-58E9AE353ACB}"
EndProject
Project("{FAE04EC0-301F-11D3-BF4B-00C04F79EFBC}") = "LabSeatBooking", "LabSeatBooking\LabSeatBooking.csproj", "{741F273B-975F-4435-8B49-970F77DA8753}"
EndProject
Project("{FAE04EC0-301F-11D3-BF4B-00C04F79EFBC}") = "InheritanceDemo1", "InheritanceDemo1\InheritanceDemo1.csproj", "{8BF246AB-1550-4D75-BC6C-DDC1330F0000}"
EndProject
Project("{FAE04EC0-301F-11D3-BF4B-00C04F79EFBC}") = "AggregationAndComposition", "AggregationAndComposition\AggregationAndComposition.csproj", "{8C390721-17B1-4FC7-B954-D55DA7FFAFE5}"
EndProject
Project("{FAE04EC0-301F-11D3-BF4B-00C04F79EFBC}") = "ConstructorAndDestructorDemo", "ConstructorAndDestructorDemo\ConstructorAndDestructorDemo.csproj", "{8010DE67-2AD2-422D-B39E-CF3724057E5A}"
EndProject
Project("{FAE04EC0-301F-11D3-BF4B-00C04F79EFBC}") = "CtorChaining", "CtorChaining\CtorChaining.csproj", "{C9BFEDCF-CFB5-49EF-A2C2-A15E66B42E75}"
EndProject
Project("{FAE04EC0-301F-11D3-BF4B-00C04F79EFBC}") = "OverloadingDemo", "OverloadingDemo\OverloadingDemo.csproj", "{EB3B9267-1002-4718-B4FD-DF2D64C28A1A}"
EndProject
Project("{FAE04EC0-301F-11D3-BF4B-00C04F79EFBC}") = "VirtualDemo", "VirtualDemo\VirtualDemo.csproj", "{24F924D2-797B-4288-8132-C95EC4B6C868}"
EndProject
Project("{FAE04EC0-301F-11D3-BF4B-00C04F79EFBC}") = "AbstractDemo", "AbstractDemo\AbstractDemo.csproj", "{2CD13A46-5028-4286-85CD-E3CB174BF845}"
EndProject
Project("{FAE04EC0-301F-11D3-BF4B-00C04F79EFBC}") = "InterfaceDemo", "InterfaceDemo\InterfaceDemo.csproj", "{42C5E555-01F9-4A1B-AA3B-AEEA39F65B29}"
EndProject
Project("{FAE04EC0-301F-11D3-BF4B-00C04F79EFBC}") = "CollectionDemo", "CollectionDemo\CollectionDemo.csproj", "{523F2059-BDE0-4790-AC6C-9E55D6F33D15}"
EndProject
Project("{FAE04EC0-301F-11D3-BF4B-00C04F79EFBC}") = "ListDemo", "ListDemo\ListDemo.csproj", "{2A5B71F3-533C-4AD8-8C84-CD84C40B446C}"
EndProject
Project("{FAE04EC0-301F-11D3-BF4B-00C04F79EFBC}") = "DictinaryDemo", "DictinaryDemo\DictinaryDemo.csproj", "{8E0EA77F-6EF5-4421-ACE5-2CA358DB1541}"
EndProject
Project("{FAE04EC0-301F-11D3-BF4B-00C04F79EFBC}") = "SortedDictionaryDemo", "SortedDictionaryDemo\SortedDictionaryDemo.csproj", "{5ECA2310-ED3F-4138-B868-C155C7F37697}"
EndProject
Project("{FAE04EC0-301F-11D3-BF4B-00C04F79EFBC}") = "StackAndQueue", "StackAndQueue\StackAndQueue.csproj", "{AED7690F-E0F2-4341-83E4-B966F5F923F1}"
EndProject
Project("{FAE04EC0-301F-11D3-BF4B-00C04F79EFBC}") = "HashtableDemo", "HashtableDemo\HashtableDemo.csproj", "{690E2BA9-F0C6-4257-9E07-4CA88FB94A63}"
EndProject
Project("{FAE04EC0-301F-11D3-BF4B-00C04F79EFBC}") = "HashsetDemo", "HashsetDemo\HashsetDemo.csproj", "{BB3B6282-46F3-498A-9B3E-E629D375EBA9}"
EndProject
Project("{FAE04EC0-301F-11D3-BF4B-00C04F79EFBC}") = "DebuggingDemo", "DebuggingDemo\DebuggingDemo.csproj", "{B4A73E9F-A4FC-4C10-B904-FBB2FA763AB1}"
EndProject
Project("{FAE04EC0-301F-11D3-BF4B-00C04F79EFBC}") = "PredefinedException", "PredefinedException\PredefinedException.csproj", "{E4BF2B47-189F-46F2-BBF6-457E8E95EAF1}"
EndProject
Project("{FAE04EC0-301F-11D3-BF4B-00C04F79EFBC}") = "CustomExceptionDemo", "CustomExceptionDemo\CustomExceptionDemo.csproj", "{AA763A1D-BA2E-491C-A6FA-E2C186B24E4A}"
EndProject
Project("{FAE04EC0-301F-11D3-BF4B-00C04F79EFBC}") = "PropertiesDemo", "PropertiesDemo\PropertiesDemo.csproj", "{1D0A6639-43AD-4113-871B-C8BEF64F8702}"
EndProject
Project("{FAE04EC0-301F-11D3-BF4B-00C04F79EFBC}") = "DelegateDemo", "DelegateDemo\DelegateDemo.csproj", "{6E52012B-5C38-4B18-92DB-2CA2E545DE10}"
EndProject
Project("{FAE04EC0-301F-11D3-BF4B-00C04F79EFBC}") = "WinFormsApp1", "WinFormsApp1\WinFormsApp1.csproj", "{D7A0FB56-6AFA-4B97-B242-A6E3DB82EC7D}"
EndProject
Project("{FAE04EC0-301F-11D3-BF4B-00C04F79EFBC}") = "ImplicitTypingUsingVarDemo", "ImplicitTypingUsingVarDemo\ImplicitTypingUsingVarDemo.csproj", "{A60C5DF1-37E7-4795-A202-943F046DD8A0}"
EndProject
Project("{FAE04EC0-301F-11D3-BF4B-00C04F79EFBC}") = "ExtensionMethods", "ExtensionMethods\ExtensionMethods.csproj", "{8379237C-94C5-4A2F-95B4-568466A134DF}"
EndProject
Project("{FAE04EC0-301F-11D3-BF4B-00C04F79EFBC}") = "LinqDemo", "LinqDemo\LinqDemo.csproj", "{D00DE32D-995C-404B-9343-AFF9EE387CCA}"
EndProject
Project("{FAE04EC0-301F-11D3-BF4B-00C04F79EFBC}") = "FileOperations", "FileOperations\FileOperations.csproj", "{36A71FE4-C180-4578-A596-4A4D27AEF858}"
EndProject
Project("{FAE04EC0-301F-11D3-BF4B-00C04F79EFBC}") = "MyLibrary", "MyLibrary\MyLibrary.csproj", "{C529F188-0976-48C5-BCD8-516BB754140D}"
EndProject
Global
	GlobalSection(SolutionConfigurationPlatforms) = preSolution
		Debug|Any CPU = Debug|Any CPU
		Release|Any CPU = Release|Any CPU
	EndGlobalSection
	GlobalSection(ProjectConfigurationPlatforms) = postSolution
		{F68AD333-F044-438B-B6F2-B5D9E63A9C4B}.Debug|Any CPU.ActiveCfg = Debug|Any CPU
		{F68AD333-F044-438B-B6F2-B5D9E63A9C4B}.Debug|Any CPU.Build.0 = Debug|Any CPU
		{F68AD333-F044-438B-B6F2-B5D9E63A9C4B}.Release|Any CPU.ActiveCfg = Release|Any CPU
		{F68AD333-F044-438B-B6F2-B5D9E63A9C4B}.Release|Any CPU.Build.0 = Release|Any CPU
		{DCB5D115-0E91-45BD-AC21-A4C04A7C7A02}.Debug|Any CPU.ActiveCfg = Debug|Any CPU
		{DCB5D115-0E91-45BD-AC21-A4C04A7C7A02}.Debug|Any CPU.Build.0 = Debug|Any CPU
		{DCB5D115-0E91-45BD-AC21-A4C04A7C7A02}.Release|Any CPU.ActiveCfg = Release|Any CPU
		{DCB5D115-0E91-45BD-AC21-A4C04A7C7A02}.Release|Any CPU.Build.0 = Release|Any CPU
		{BAE6DA0F-B84B-46BF-A03E-A126D583F82E}.Debug|Any CPU.ActiveCfg = Debug|Any CPU
		{BAE6DA0F-B84B-46BF-A03E-A126D583F82E}.Debug|Any CPU.Build.0 = Debug|Any CPU
		{BAE6DA0F-B84B-46BF-A03E-A126D583F82E}.Release|Any CPU.ActiveCfg = Release|Any CPU
		{BAE6DA0F-B84B-46BF-A03E-A126D583F82E}.Release|Any CPU.Build.0 = Release|Any CPU
		{335595BB-8AF7-4D2F-9E13-3E8C944ADF0E}.Debug|Any CPU.ActiveCfg = Debug|Any CPU
		{335595BB-8AF7-4D2F-9E13-3E8C944ADF0E}.Debug|Any CPU.Build.0 = Debug|Any CPU
		{335595BB-8AF7-4D2F-9E13-3E8C944ADF0E}.Release|Any CPU.ActiveCfg = Release|Any CPU
		{335595BB-8AF7-4D2F-9E13-3E8C944ADF0E}.Release|Any CPU.Build.0 = Release|Any CPU
		{668295ED-7E2F-48E4-A2B1-1E97C0C8AEBB}.Debug|Any CPU.ActiveCfg = Debug|Any CPU
		{668295ED-7E2F-48E4-A2B1-1E97C0C8AEBB}.Debug|Any CPU.Build.0 = Debug|Any CPU
		{668295ED-7E2F-48E4-A2B1-1E97C0C8AEBB}.Release|Any CPU.ActiveCfg = Release|Any CPU
		{668295ED-7E2F-48E4-A2B1-1E97C0C8AEBB}.Release|Any CPU.Build.0 = Release|Any CPU
		{5BF9728A-C8D2-458B-B1E4-8115A78A74BF}.Debug|Any CPU.ActiveCfg = Debug|Any CPU
		{5BF9728A-C8D2-458B-B1E4-8115A78A74BF}.Debug|Any CPU.Build.0 = Debug|Any CPU
		{5BF9728A-C8D2-458B-B1E4-8115A78A74BF}.Release|Any CPU.ActiveCfg = Release|Any CPU
		{5BF9728A-C8D2-458B-B1E4-8115A78A74BF}.Release|Any CPU.Build.0 = Release|Any CPU
		{809B07EF-98FF-4064-8543-20C86640709C}.Debug|Any CPU.ActiveCfg = Debug|Any CPU
		{809B07EF-98FF-4064-8543-20C86640709C}.Debug|Any CPU.Build.0 = Debug|Any CPU
		{809B07EF-98FF-4064-8543-20C86640709C}.Release|Any CPU.ActiveCfg = Release|Any CPU
		{809B07EF-98FF-4064-8543-20C86640709C}.Release|Any CPU.Build.0 = Release|Any CPU
		{CBB30FF1-B901-4D67-8F63-1D83F86D9318}.Debug|Any CPU.ActiveCfg = Debug|Any CPU
		{CBB30FF1-B901-4D67-8F63-1D83F86D9318}.Debug|Any CPU.Build.0 = Debug|Any CPU
		{CBB30FF1-B901-4D67-8F63-1D83F86D9318}.Release|Any CPU.ActiveCfg = Release|Any CPU
		{CBB30FF1-B901-4D67-8F63-1D83F86D9318}.Release|Any CPU.Build.0 = Release|Any CPU
		{B4D4D447-EC51-440D-80BE-C704FE5AE61B}.Debug|Any CPU.ActiveCfg = Debug|Any CPU
		{B4D4D447-EC51-440D-80BE-C704FE5AE61B}.Debug|Any CPU.Build.0 = Debug|Any CPU
		{B4D4D447-EC51-440D-80BE-C704FE5AE61B}.Release|Any CPU.ActiveCfg = Release|Any CPU
		{B4D4D447-EC51-440D-80BE-C704FE5AE61B}.Release|Any CPU.Build.0 = Release|Any CPU
		{7C093851-47BA-4DFE-BD0C-58E9AE353ACB}.Debug|Any CPU.ActiveCfg = Debug|Any CPU
		{7C093851-47BA-4DFE-BD0C-58E9AE353ACB}.Debug|Any CPU.Build.0 = Debug|Any CPU
		{7C093851-47BA-4DFE-BD0C-58E9AE353ACB}.Release|Any CPU.ActiveCfg = Release|Any CPU
		{7C093851-47BA-4DFE-BD0C-58E9AE353ACB}.Release|Any CPU.Build.0 = Release|Any CPU
		{741F273B-975F-4435-8B49-970F77DA8753}.Debug|Any CPU.ActiveCfg = Debug|Any CPU
		{741F273B-975F-4435-8B49-970F77DA8753}.Debug|Any CPU.Build.0 = Debug|Any CPU
		{741F273B-975F-4435-8B49-970F77DA8753}.Release|Any CPU.ActiveCfg = Release|Any CPU
		{741F273B-975F-4435-8B49-970F77DA8753}.Release|Any CPU.Build.0 = Release|Any CPU
		{8BF246AB-1550-4D75-BC6C-DDC1330F0000}.Debug|Any CPU.ActiveCfg = Debug|Any CPU
		{8BF246AB-1550-4D75-BC6C-DDC1330F0000}.Debug|Any CPU.Build.0 = Debug|Any CPU
		{8BF246AB-1550-4D75-BC6C-DDC1330F0000}.Release|Any CPU.ActiveCfg = Release|Any CPU
		{8BF246AB-1550-4D75-BC6C-DDC1330F0000}.Release|Any CPU.Build.0 = Release|Any CPU
		{8C390721-17B1-4FC7-B954-D55DA7FFAFE5}.Debug|Any CPU.ActiveCfg = Debug|Any CPU
		{8C390721-17B1-4FC7-B954-D55DA7FFAFE5}.Debug|Any CPU.Build.0 = Debug|Any CPU
		{8C390721-17B1-4FC7-B954-D55DA7FFAFE5}.Release|Any CPU.ActiveCfg = Release|Any CPU
		{8C390721-17B1-4FC7-B954-D55DA7FFAFE5}.Release|Any CPU.Build.0 = Release|Any CPU
		{8010DE67-2AD2-422D-B39E-CF3724057E5A}.Debug|Any CPU.ActiveCfg = Debug|Any CPU
		{8010DE67-2AD2-422D-B39E-CF3724057E5A}.Debug|Any CPU.Build.0 = Debug|Any CPU
		{8010DE67-2AD2-422D-B39E-CF3724057E5A}.Release|Any CPU.ActiveCfg = Release|Any CPU
		{8010DE67-2AD2-422D-B39E-CF3724057E5A}.Release|Any CPU.Build.0 = Release|Any CPU
		{C9BFEDCF-CFB5-49EF-A2C2-A15E66B42E75}.Debug|Any CPU.ActiveCfg = Debug|Any CPU
		{C9BFEDCF-CFB5-49EF-A2C2-A15E66B42E75}.Debug|Any CPU.Build.0 = Debug|Any CPU
		{C9BFEDCF-CFB5-49EF-A2C2-A15E66B42E75}.Release|Any CPU.ActiveCfg = Release|Any CPU
		{C9BFEDCF-CFB5-49EF-A2C2-A15E66B42E75}.Release|Any CPU.Build.0 = Release|Any CPU
		{EB3B9267-1002-4718-B4FD-DF2D64C28A1A}.Debug|Any CPU.ActiveCfg = Debug|Any CPU
		{EB3B9267-1002-4718-B4FD-DF2D64C28A1A}.Debug|Any CPU.Build.0 = Debug|Any CPU
		{EB3B9267-1002-4718-B4FD-DF2D64C28A1A}.Release|Any CPU.ActiveCfg = Release|Any CPU
		{EB3B9267-1002-4718-B4FD-DF2D64C28A1A}.Release|Any CPU.Build.0 = Release|Any CPU
		{24F924D2-797B-4288-8132-C95EC4B6C868}.Debug|Any CPU.ActiveCfg = Debug|Any CPU
		{24F924D2-797B-4288-8132-C95EC4B6C868}.Debug|Any CPU.Build.0 = Debug|Any CPU
		{24F924D2-797B-4288-8132-C95EC4B6C868}.Release|Any CPU.ActiveCfg = Release|Any CPU
		{24F924D2-797B-4288-8132-C95EC4B6C868}.Release|Any CPU.Build.0 = Release|Any CPU
		{2CD13A46-5028-4286-85CD-E3CB174BF845}.Debug|Any CPU.ActiveCfg = Debug|Any CPU
		{2CD13A46-5028-4286-85CD-E3CB174BF845}.Debug|Any CPU.Build.0 = Debug|Any CPU
		{2CD13A46-5028-4286-85CD-E3CB174BF845}.Release|Any CPU.ActiveCfg = Release|Any CPU
		{2CD13A46-5028-4286-85CD-E3CB174BF845}.Release|Any CPU.Build.0 = Release|Any CPU
		{42C5E555-01F9-4A1B-AA3B-AEEA39F65B29}.Debug|Any CPU.ActiveCfg = Debug|Any CPU
		{42C5E555-01F9-4A1B-AA3B-AEEA39F65B29}.Debug|Any CPU.Build.0 = Debug|Any CPU
		{42C5E555-01F9-4A1B-AA3B-AEEA39F65B29}.Release|Any CPU.ActiveCfg = Release|Any CPU
		{42C5E555-01F9-4A1B-AA3B-AEEA39F65B29}.Release|Any CPU.Build.0 = Release|Any CPU
		{523F2059-BDE0-4790-AC6C-9E55D6F33D15}.Debug|Any CPU.ActiveCfg = Debug|Any CPU
		{523F2059-BDE0-4790-AC6C-9E55D6F33D15}.Debug|Any CPU.Build.0 = Debug|Any CPU
		{523F2059-BDE0-4790-AC6C-9E55D6F33D15}.Release|Any CPU.ActiveCfg = Release|Any CPU
		{523F2059-BDE0-4790-AC6C-9E55D6F33D15}.Release|Any CPU.Build.0 = Release|Any CPU
		{2A5B71F3-533C-4AD8-8C84-CD84C40B446C}.Debug|Any CPU.ActiveCfg = Debug|Any CPU
		{2A5B71F3-533C-4AD8-8C84-CD84C40B446C}.Debug|Any CPU.Build.0 = Debug|Any CPU
		{2A5B71F3-533C-4AD8-8C84-CD84C40B446C}.Release|Any CPU.ActiveCfg = Release|Any CPU
		{2A5B71F3-533C-4AD8-8C84-CD84C40B446C}.Release|Any CPU.Build.0 = Release|Any CPU
		{8E0EA77F-6EF5-4421-ACE5-2CA358DB1541}.Debug|Any CPU.ActiveCfg = Debug|Any CPU
		{8E0EA77F-6EF5-4421-ACE5-2CA358DB1541}.Debug|Any CPU.Build.0 = Debug|Any CPU
		{8E0EA77F-6EF5-4421-ACE5-2CA358DB1541}.Release|Any CPU.ActiveCfg = Release|Any CPU
		{8E0EA77F-6EF5-4421-ACE5-2CA358DB1541}.Release|Any CPU.Build.0 = Release|Any CPU
		{5ECA2310-ED3F-4138-B868-C155C7F37697}.Debug|Any CPU.ActiveCfg = Debug|Any CPU
		{5ECA2310-ED3F-4138-B868-C155C7F37697}.Debug|Any CPU.Build.0 = Debug|Any CPU
		{5ECA2310-ED3F-4138-B868-C155C7F37697}.Release|Any CPU.ActiveCfg = Release|Any CPU
		{5ECA2310-ED3F-4138-B868-C155C7F37697}.Release|Any CPU.Build.0 = Release|Any CPU
		{AED7690F-E0F2-4341-83E4-B966F5F923F1}.Debug|Any CPU.ActiveCfg = Debug|Any CPU
		{AED7690F-E0F2-4341-83E4-B966F5F923F1}.Debug|Any CPU.Build.0 = Debug|Any CPU
		{AED7690F-E0F2-4341-83E4-B966F5F923F1}.Release|Any CPU.ActiveCfg = Release|Any CPU
		{AED7690F-E0F2-4341-83E4-B966F5F923F1}.Release|Any CPU.Build.0 = Release|Any CPU
		{690E2BA9-F0C6-4257-9E07-4CA88FB94A63}.Debug|Any CPU.ActiveCfg = Debug|Any CPU
		{690E2BA9-F0C6-4257-9E07-4CA88FB94A63}.Debug|Any CPU.Build.0 = Debug|Any CPU
		{690E2BA9-F0C6-4257-9E07-4CA88FB94A63}.Release|Any CPU.ActiveCfg = Release|Any CPU
		{690E2BA9-F0C6-4257-9E07-4CA88FB94A63}.Release|Any CPU.Build.0 = Release|Any CPU
		{BB3B6282-46F3-498A-9B3E-E629D375EBA9}.Debug|Any CPU.ActiveCfg = Debug|Any CPU
		{BB3B6282-46F3-498A-9B3E-E629D375EBA9}.Debug|Any CPU.Build.0 = Debug|Any CPU
		{BB3B6282-46F3-498A-9B3E-E629D375EBA9}.Release|Any CPU.ActiveCfg = Release|Any CPU
		{BB3B6282-46F3-498A-9B3E-E629D375EBA9}.Release|Any CPU.Build.0 = Release|Any CPU
		{B4A73E9F-A4FC-4C10-B904-FBB2FA763AB1}.Debug|Any CPU.ActiveCfg = Debug|Any CPU
		{B4A73E9F-A4FC-4C10-B904-FBB2FA763AB1}.Debug|Any CPU.Build.0 = Debug|Any CPU
		{B4A73E9F-A4FC-4C10-B904-FBB2FA763AB1}.Release|Any CPU.ActiveCfg = Release|Any CPU
		{B4A73E9F-A4FC-4C10-B904-FBB2FA763AB1}.Release|Any CPU.Build.0 = Release|Any CPU
		{E4BF2B47-189F-46F2-BBF6-457E8E95EAF1}.Debug|Any CPU.ActiveCfg = Debug|Any CPU
		{E4BF2B47-189F-46F2-BBF6-457E8E95EAF1}.Debug|Any CPU.Build.0 = Debug|Any CPU
		{E4BF2B47-189F-46F2-BBF6-457E8E95EAF1}.Release|Any CPU.ActiveCfg = Release|Any CPU
		{E4BF2B47-189F-46F2-BBF6-457E8E95EAF1}.Release|Any CPU.Build.0 = Release|Any CPU
		{AA763A1D-BA2E-491C-A6FA-E2C186B24E4A}.Debug|Any CPU.ActiveCfg = Debug|Any CPU
		{AA763A1D-BA2E-491C-A6FA-E2C186B24E4A}.Debug|Any CPU.Build.0 = Debug|Any CPU
		{AA763A1D-BA2E-491C-A6FA-E2C186B24E4A}.Release|Any CPU.ActiveCfg = Release|Any CPU
		{AA763A1D-BA2E-491C-A6FA-E2C186B24E4A}.Release|Any CPU.Build.0 = Release|Any CPU
		{1D0A6639-43AD-4113-871B-C8BEF64F8702}.Debug|Any CPU.ActiveCfg = Debug|Any CPU
		{1D0A6639-43AD-4113-871B-C8BEF64F8702}.Debug|Any CPU.Build.0 = Debug|Any CPU
		{1D0A6639-43AD-4113-871B-C8BEF64F8702}.Release|Any CPU.ActiveCfg = Release|Any CPU
		{1D0A6639-43AD-4113-871B-C8BEF64F8702}.Release|Any CPU.Build.0 = Release|Any CPU
		{6E52012B-5C38-4B18-92DB-2CA2E545DE10}.Debug|Any CPU.ActiveCfg = Debug|Any CPU
		{6E52012B-5C38-4B18-92DB-2CA2E545DE10}.Debug|Any CPU.Build.0 = Debug|Any CPU
		{6E52012B-5C38-4B18-92DB-2CA2E545DE10}.Release|Any CPU.ActiveCfg = Release|Any CPU
		{6E52012B-5C38-4B18-92DB-2CA2E545DE10}.Release|Any CPU.Build.0 = Release|Any CPU
		{D7A0FB56-6AFA-4B97-B242-A6E3DB82EC7D}.Debug|Any CPU.ActiveCfg = Debug|Any CPU
		{D7A0FB56-6AFA-4B97-B242-A6E3DB82EC7D}.Debug|Any CPU.Build.0 = Debug|Any CPU
		{D7A0FB56-6AFA-4B97-B242-A6E3DB82EC7D}.Release|Any CPU.ActiveCfg = Release|Any CPU
		{D7A0FB56-6AFA-4B97-B242-A6E3DB82EC7D}.Release|Any CPU.Build.0 = Release|Any CPU
		{A60C5DF1-37E7-4795-A202-943F046DD8A0}.Debug|Any CPU.ActiveCfg = Debug|Any CPU
		{A60C5DF1-37E7-4795-A202-943F046DD8A0}.Debug|Any CPU.Build.0 = Debug|Any CPU
		{A60C5DF1-37E7-4795-A202-943F046DD8A0}.Release|Any CPU.ActiveCfg = Release|Any CPU
		{A60C5DF1-37E7-4795-A202-943F046DD8A0}.Release|Any CPU.Build.0 = Release|Any CPU
		{8379237C-94C5-4A2F-95B4-568466A134DF}.Debug|Any CPU.ActiveCfg = Debug|Any CPU
		{8379237C-94C5-4A2F-95B4-568466A134DF}.Debug|Any CPU.Build.0 = Debug|Any CPU
		{8379237C-94C5-4A2F-95B4-568466A134DF}.Release|Any CPU.ActiveCfg = Release|Any CPU
		{8379237C-94C5-4A2F-95B4-568466A134DF}.Release|Any CPU.Build.0 = Release|Any CPU
		{D00DE32D-995C-404B-9343-AFF9EE387CCA}.Debug|Any CPU.ActiveCfg = Debug|Any CPU
		{D00DE32D-995C-404B-9343-AFF9EE387CCA}.Debug|Any CPU.Build.0 = Debug|Any CPU
		{D00DE32D-995C-404B-9343-AFF9EE387CCA}.Release|Any CPU.ActiveCfg = Release|Any CPU
		{D00DE32D-995C-404B-9343-AFF9EE387CCA}.Release|Any CPU.Build.0 = Release|Any CPU
		{36A71FE4-C180-4578-A596-4A4D27AEF858}.Debug|Any CPU.ActiveCfg = Debug|Any CPU
		{36A71FE4-C180-4578-A596-4A4D27AEF858}.Debug|Any CPU.Build.0 = Debug|Any CPU
		{36A71FE4-C180-4578-A596-4A4D27AEF858}.Release|Any CPU.ActiveCfg = Release|Any CPU
		{36A71FE4-C180-4578-A596-4A4D27AEF858}.Release|Any CPU.Build.0 = Release|Any CPU
		{C529F188-0976-48C5-BCD8-516BB754140D}.Debug|Any CPU.ActiveCfg = Debug|Any CPU
		{C529F188-0976-48C5-BCD8-516BB754140D}.Debug|Any CPU.Build.0 = Debug|Any CPU
		{C529F188-0976-48C5-BCD8-516BB754140D}.Release|Any CPU.ActiveCfg = Release|Any CPU
		{C529F188-0976-48C5-BCD8-516BB754140D}.Release|Any CPU.Build.0 = Release|Any CPU
	EndGlobalSection
	GlobalSection(SolutionProperties) = preSolution
		HideSolutionNode = FALSE
	EndGlobalSection
EndGlobal
